<?xml version="1.0" encoding="utf-8"?>
<Project ToolsVersion="4.0" xmlns="http://schemas.microsoft.com/developer/msbuild/2003">
  <ItemGroup>
    <Filter Include="소스 파일">
      <UniqueIdentifier>{4FC737F1-C7A5-4376-A066-2A32D752A2FF}</UniqueIdentifier>
      <Extensions>cpp;c;cc;cxx;def;odl;idl;hpj;bat;asm;asmx</Extensions>
    </Filter>
    <Filter Include="헤더 파일">
      <UniqueIdentifier>{93995380-89BD-4b04-88EB-625FBE52EBFB}</UniqueIdentifier>
      <Extensions>h;hh;hpp;hxx;hm;inl;inc;ipp;xsd</Extensions>
    </Filter>
    <Filter Include="리소스 파일">
      <UniqueIdentifier>{67DA6AB6-F800-4c08-8B7A-83BB121AAD01}</UniqueIdentifier>
      <Extensions>rc;ico;cur;bmp;dlg;rc2;rct;bin;rgs;gif;jpg;jpeg;jpe;resx;tiff;tif;png;wav;mfcribbon-ms</Extensions>
    </Filter>
  </ItemGroup>
  <ItemGroup>
    <ClCompile Include="test_main.cpp">
      <Filter>소스 파일</Filter>
    </ClCompile>
    <ClCompile Include="algo_1260_DFS_BFS.cpp">
      <Filter>소스 파일</Filter>
    </ClCompile>
    <ClCompile Include="algo_1463_1로만들기.cpp">
      <Filter>소스 파일</Filter>
    </ClCompile>
    <ClCompile Include="algo_1600_말이되고싶은_원숭이.cpp">
      <Filter>소스 파일</Filter>
    </ClCompile>
    <ClCompile Include="algo_1697_숨바꼭질.cpp">
      <Filter>소스 파일</Filter>
    </ClCompile>
    <ClCompile Include="algo_1759_암호만들기.cpp">
      <Filter>소스 파일</Filter>
    </ClCompile>
    <ClCompile Include="algo_1904_01타일.cpp">
      <Filter>소스 파일</Filter>
    </ClCompile>
    <ClCompile Include="algo_2178_미로탐색.cpp">
      <Filter>소스 파일</Filter>
    </ClCompile>
    <ClCompile Include="algo_2193_이친수.cpp">
      <Filter>소스 파일</Filter>
    </ClCompile>
    <ClCompile Include="algo_2294_동전2.cpp">
      <Filter>소스 파일</Filter>
    </ClCompile>
    <ClCompile Include="algo_2573_빙산.cpp">
      <Filter>소스 파일</Filter>
    </ClCompile>
    <ClCompile Include="algo_2606_바이러스.cpp">
      <Filter>소스 파일</Filter>
    </ClCompile>
    <ClCompile Include="algo_2644_촌수계산.cpp">
      <Filter>소스 파일</Filter>
    </ClCompile>
    <ClCompile Include="algo_2667_단지번호.cpp">
      <Filter>소스 파일</Filter>
    </ClCompile>
    <ClCompile Include="algo_3190_뱀.cpp">
      <Filter>소스 파일</Filter>
    </ClCompile>
    <ClCompile Include="algo_7562_나이트의 이동.cpp">
      <Filter>소스 파일</Filter>
    </ClCompile>
    <ClCompile Include="algo_9095_123더하기.cpp">
      <Filter>소스 파일</Filter>
    </ClCompile>
    <ClCompile Include="algo_9465_스티커.cpp">
      <Filter>소스 파일</Filter>
    </ClCompile>
    <ClCompile Include="algo_10971_외판원순회2.cpp">
      <Filter>소스 파일</Filter>
    </ClCompile>
    <ClCompile Include="algo_10974_모든순열.cpp">
      <Filter>소스 파일</Filter>
    </ClCompile>
    <ClCompile Include="algo_11559_뿌요뿌요.cpp">
      <Filter>소스 파일</Filter>
    </ClCompile>
    <ClCompile Include="algo_12100_2048_.cpp">
      <Filter>소스 파일</Filter>
    </ClCompile>
    <ClCompile Include="algo_12761_돌다리.cpp">
      <Filter>소스 파일</Filter>
    </ClCompile>
    <ClCompile Include="algo_13460_구슬탈출2.cpp">
      <Filter>소스 파일</Filter>
    </ClCompile>
    <ClCompile Include="algo_14501_퇴사.cpp">
      <Filter>소스 파일</Filter>
    </ClCompile>
  </ItemGroup>
</Project>