<?xml version="1.0" encoding="utf-8"?>
<Project ToolsVersion="4.0" xmlns="http://schemas.microsoft.com/developer/msbuild/2003">
  <ItemGroup>
    <ClCompile Include="algo_1003_피보나치함수.cpp" />
    <ClCompile Include="algo_10971_외판원순회2.cpp" />
    <ClCompile Include="algo_10974_모든순열.cpp" />
    <ClCompile Include="algo_1106_contact.cpp" />
    <ClCompile Include="algo_1106_호텔.cpp" />
    <ClCompile Include="algo_11404_플로이드.cpp" />
    <ClCompile Include="algo_1149_RGB거리.cpp" />
    <ClCompile Include="algo_11559_뿌요뿌요.cpp" />
    <ClCompile Include="algo_11726_2n타일링.cpp" />
    <ClCompile Include="algo_12100_2048_.cpp" />
    <ClCompile Include="algo_12141444_0317.cpp" />
    <ClCompile Include="algo_12141777_0324.cpp" />
    <ClCompile Include="algo_12141777_0331.cpp" />
    <ClCompile Include="algo_12141777_0407.cpp" />
    <ClCompile Include="algo_12141777_0421.cpp" />
    <ClCompile Include="algo_12141777_0428.cpp" />
    <ClCompile Include="algo_12141777_0505.cpp" />
    <ClCompile Include="algo_12141777_0512.cpp" />
    <ClCompile Include="algo_12141777_0519.cpp" />
    <ClCompile Include="algo_12141777_0526.cpp" />
    <ClCompile Include="algo_12141777_0602.cpp" />
    <ClCompile Include="algo_12141777_0609.cpp" />
    <ClCompile Include="algo_12141777_0616.cpp" />
    <ClCompile Include="algo_1260_DFS_BFS.cpp" />
    <ClCompile Include="algo_12761_돌다리.cpp" />
    <ClCompile Include="algo_12865_평범한배낭.cpp" />
    <ClCompile Include="algo_13458_시험감독.cpp" />
    <ClCompile Include="algo_13460_구슬탈출2.cpp" />
    <ClCompile Include="algo_1389_케빈베이컨의6단계법칙.cpp" />
    <ClCompile Include="algo_14499_주사위굴리기.cpp" />
    <ClCompile Include="algo_14500_테트로미노.cpp" />
    <ClCompile Include="algo_14501_퇴사.cpp" />
    <ClCompile Include="algo_14502_연구소.cpp" />
    <ClCompile Include="algo_1462_1로만들기_1.cpp" />
    <ClCompile Include="algo_1463_1로만들기.cpp" />
    <ClCompile Include="algo_14722_우유도시.cpp" />
    <ClCompile Include="algo_14888_연산자끼워넣기.cpp" />
    <ClCompile Include="algo_14889_스타트와링크.cpp" />
    <ClCompile Include="algo_14890_경사로.cpp" />
    <ClCompile Include="algo_14891_톱니바퀴.cpp" />
    <ClCompile Include="algo_1495_기타리스트.cpp" />
    <ClCompile Include="algo_1535_안녕.cpp" />
    <ClCompile Include="algo_15649_n과M_1.cpp" />
    <ClCompile Include="algo_15650_n과m_2.cpp" />
    <ClCompile Include="algo_15651_n과m_3.cpp" />
    <ClCompile Include="algo_15652_n과m_4.cpp" />
    <ClCompile Include="algo_15654_n과m_5.cpp" />
    <ClCompile Include="algo_15655_m과n_6.cpp" />
    <ClCompile Include="algo_15683_감시.cpp" />
    <ClCompile Include="algo_15684_사다리조작_.cpp" />
    <ClCompile Include="algo_1600_말이되고싶은_원숭이.cpp" />
    <ClCompile Include="algo_1697_숨바꼭질.cpp" />
    <ClCompile Include="algo_1759_암호만들기.cpp" />
    <ClCompile Include="algo_1786_찾기.cpp" />
    <ClCompile Include="algo_1904_01타일.cpp" />
    <ClCompile Include="algo_1920_수찾기.cpp" />
    <ClCompile Include="algo_2098_tsp.cpp" />
    <ClCompile Include="algo_2098_외판원.cpp" />
    <ClCompile Include="algo_2112_보호필름.cpp" />
    <ClCompile Include="algo_2178_미로탐색.cpp" />
    <ClCompile Include="algo_2193_이친수.cpp" />
    <ClCompile Include="algo_2231_분해합.cpp" />
    <ClCompile Include="algo_2294_동전2.cpp" />
    <ClCompile Include="algo_2468_안전영역.cpp" />
    <ClCompile Include="algo_2573_빙산.cpp" />
    <ClCompile Include="algo_2580_스도쿠.cpp" />
    <ClCompile Include="algo_2583_영역구하기.cpp" />
    <ClCompile Include="algo_2606_바이러스.cpp" />
    <ClCompile Include="algo_2644_촌수계산.cpp" />
    <ClCompile Include="algo_2667_단지번호.cpp" />
    <ClCompile Include="algo_2748_피보나치2.cpp" />
    <ClCompile Include="algo_2798_블랙잭.cpp" />
    <ClCompile Include="algo_3055_탈출.cpp" />
    <ClCompile Include="algo_3190_뱀.cpp" />
    <ClCompile Include="algo_7562_나이트의 이동.cpp" />
    <ClCompile Include="algo_7568_덩치.cpp" />
    <ClCompile Include="algo_9095_123더하기.cpp" />
    <ClCompile Include="algo_10844_쉬운계단수.cpp" />
    <ClCompile Include="algo_9205_맥주마시면서걸어가기.cpp" />
    <ClCompile Include="algo_9461_파도반수열.cpp" />
    <ClCompile Include="algo_9465_스티커.cpp" />
    <ClCompile Include="algo_14503_로봇청소기.cpp" />
    <ClCompile Include="algo_9663_n_queen.cpp" />
    <ClCompile Include="algo_gemstone.cpp" />
    <ClCompile Include="algo_heap_sorting.cpp" />
    <ClCompile Include="algo_hyffman_code.cpp" />
    <ClCompile Include="algo_intersect.cpp" />
    <ClCompile Include="algo_odd_even.cpp" />
    <ClCompile Include="algo_ske_03.cpp" />
    <ClCompile Include="algo_skt_01.cpp" />
    <ClCompile Include="algo_skt_02.cpp" />
    <ClCompile Include="algo_sorting_ex.cpp" />
    <ClCompile Include="priorty_queue.cpp" />
    <ClCompile Include="sam_12100_2048.cpp" />
    <ClCompile Include="sam_13460_구슬.cpp" />
    <ClCompile Include="sam_14889_스타트와링크.cpp" />
    <ClCompile Include="sam_15685_드래곤커브.cpp" />
    <ClCompile Include="sam_15686_치킨배달.cpp" />
    <ClCompile Include="sam_16234_인구이동.cpp" />
    <ClCompile Include="sam_16236_아기상어.cpp" />
    <ClCompile Include="sam_17140_이차원배열과연산.cpp" />
    <ClCompile Include="sam_17142_연구소.cpp" />
    <ClCompile Include="sam_17143_낚시왕.cpp" />
    <ClCompile Include="sam_17144_미세먼지.cpp" />
    <ClCompile Include="sam_17779_게리맨더링2.cpp" />
    <ClCompile Include="sam_17822_원판돌리기.cpp" />
    <ClCompile Include="sam_17825_주사위윷놀이.cpp" />
    <ClCompile Include="sam_2105_디저트카페.cpp" />
    <ClCompile Include="sam_5644_무선충전.cpp" />
    <ClCompile Include="sam_5653_줄기세포배양.cpp" />
    <ClCompile Include="sam_5658_보물상자비밀번호.cpp" />
    <ClCompile Include="san_16235_나무재테크.cpp" />
    <ClCompile Include="sma_7837_새로운게임2.cpp" />
    <ClCompile Include="test_main.cpp" />
    <ClCompile Include="algo_14720_우유축제.cpp" />
    <ClCompile Include="algo_1562_계단수.cpp" />
    <ClCompile Include="algo_16565_n과m_7.cpp" />
    <ClCompile Include="algo_15657_n과m_8.cpp" />
    <ClCompile Include="algo_15663_n과m_9.cpp" />
    <ClCompile Include="algo_15664_n과m_10.cpp" />
    <ClCompile Include="algo_15665_n과m11.cpp" />
    <ClCompile Include="algo_15666_n과m_12.cpp" />
  </ItemGroup>
  <ItemGroup>
    <Xml Include="test.xml" />
  </ItemGroup>
</Project>